Microsoft Visual Studio Solution File, Format Version 12.00
Project("{FAE04EC0-301F-11D3-BF4B-00C04F79EFBC}") = "Mantis.Workspace", "Mantis.Workspace\Mantis.Workspace.csproj", "{BA2BA69B-2514-493D-A938-76FEBB4DFACE}"
EndProject
Project("{FAE04EC0-301F-11D3-BF4B-00C04F79EFBC}") = "Mantis.Examples", "Mantis.Examples\Mantis.Examples.csproj", "{95CD489B-5CC6-4CDA-B754-38B45ECEFD92}"
EndProject
Global
	GlobalSection(SolutionConfigurationPlatforms) = preSolution
		Debug|Any CPU = Debug|Any CPU
		Release|Any CPU = Release|Any CPU
	EndGlobalSection
	GlobalSection(ProjectConfigurationPlatforms) = postSolution
		
		{BA2BA69B-2514-493D-A938-76FEBB4DFACE}.Debug|Any CPU.ActiveCfg = Debug|Any CPU
		{BA2BA69B-2514-493D-A938-76FEBB4DFACE}.Debug|Any CPU.Build.0 = Debug|Any CPU
		{BA2BA69B-2514-493D-A938-76FEBB4DFACE}.Release|Any CPU.ActiveCfg = Release|Any CPU
		{BA2BA69B-2514-493D-A938-76FEBB4DFACE}.Release|Any CPU.Build.0 = Release|Any CPU
		{95CD489B-5CC6-4CDA-B754-38B45ECEFD92}.Debug|Any CPU.ActiveCfg = Debug|Any CPU
		{95CD489B-5CC6-4CDA-B754-38B45ECEFD92}.Debug|Any CPU.Build.0 = Debug|Any CPU
		{95CD489B-5CC6-4CDA-B754-38B45ECEFD92}.Release|Any CPU.ActiveCfg = Release|Any CPU
		{95CD489B-5CC6-4CDA-B754-38B45ECEFD92}.Release|Any CPU.Build.0 = Release|Any CPU
	EndGlobalSection
EndGlobal
